// !$*UTF8*$!
{
	archiveVersion = 1;
	classes = {
	};
	objectVersion = 56;
	objects = {

/* Begin PBXBuildFile section */
		1F0000000000000000000100 /* GPXVideoTrackerApp.swift in Sources */ = {isa = PBXBuildFile; fileRef = 1F0000000000000000000200; };
		1F0000000000000000000101 /* ContentView.swift in Sources */ = {isa = PBXBuildFile; fileRef = 1F0000000000000000000201; };
		1F0000000000000000000102 /* AppModel.swift in Sources */ = {isa = PBXBuildFile; fileRef = 1F0000000000000000000202; };
		1F0000000000000000000103 /* GPXParser.swift in Sources */ = {isa = PBXBuildFile; fileRef = 1F0000000000000000000203; };
		1F0000000000000000000104 /* AVPlayerViewRepresentable.swift in Sources */ = {isa = PBXBuildFile; fileRef = 1F0000000000000000000204; };
		1F0000000000000000000105 /* TelemetryOverlay.swift in Sources */ = {isa = PBXBuildFile; fileRef = 1F0000000000000000000205; };
		1F0000000000000000000106 /* MinimapOverlay.swift in Sources */ = {isa = PBXBuildFile; fileRef = 1F0000000000000000000206; };
		1F0000000000000000000107 /* TrackMiniMap.swift in Sources */ = {isa = PBXBuildFile; fileRef = 1F0000000000000000000207; };
		1F0000000000000000000108 /* Exporter.swift in Sources */ = {isa = PBXBuildFile; fileRef = 1F0000000000000000000208; };
		1F0000000000000000000109 /* AppKit.framework in Frameworks */ = {isa = PBXBuildFile; fileRef = 1F0000000000000000000300; };
		1F0000000000000000000110 /* AVKit.framework in Frameworks */ = {isa = PBXBuildFile; fileRef = 1F0000000000000000000301; };
		1F0000000000000000000111 /* AVFoundation.framework in Frameworks */ = {isa = PBXBuildFile; fileRef = 1F0000000000000000000302; };
		1F0000000000000000000112 /* QuartzCore.framework in Frameworks */ = {isa = PBXBuildFile; fileRef = 1F0000000000000000000303; };
		1F0000000000000000000113 /* SwiftUI.framework in Frameworks */ = {isa = PBXBuildFile; fileRef = 1F0000000000000000000304; };
/* End PBXBuildFile section */

/* Begin PBXFileReference section */
		1F0000000000000000000200 /* GPXVideoTrackerApp.swift */ = {isa = PBXFileReference; lastKnownFileType = sourcecode.swift; path = Sources/GPXVideoTracker/GPXVideoTrackerApp.swift; sourceTree = "<group>"; };
		1F0000000000000000000201 /* ContentView.swift */ = {isa = PBXFileReference; lastKnownFileType = sourcecode.swift; path = Sources/GPXVideoTracker/ContentView.swift; sourceTree = "<group>"; };
		1F0000000000000000000202 /* AppModel.swift */ = {isa = PBXFileReference; lastKnownFileType = sourcecode.swift; path = Sources/GPXVideoTracker/AppModel.swift; sourceTree = "<group>"; };
		1F0000000000000000000203 /* GPXParser.swift */ = {isa = PBXFileReference; lastKnownFileType = sourcecode.swift; path = Sources/GPXVideoTracker/GPXParser.swift; sourceTree = "<group>"; };
		1F0000000000000000000204 /* AVPlayerViewRepresentable.swift */ = {isa = PBXFileReference; lastKnownFileType = sourcecode.swift; path = Sources/GPXVideoTracker/AVPlayerViewRepresentable.swift; sourceTree = "<group>"; };
		1F0000000000000000000205 /* TelemetryOverlay.swift */ = {isa = PBXFileReference; lastKnownFileType = sourcecode.swift; path = Sources/GPXVideoTracker/TelemetryOverlay.swift; sourceTree = "<group>"; };
		1F0000000000000000000206 /* MinimapOverlay.swift */ = {isa = PBXFileReference; lastKnownFileType = sourcecode.swift; path = Sources/GPXVideoTracker/MinimapOverlay.swift; sourceTree = "<group>"; };
		1F0000000000000000000207 /* TrackMiniMap.swift */ = {isa = PBXFileReference; lastKnownFileType = sourcecode.swift; path = Sources/GPXVideoTracker/TrackMiniMap.swift; sourceTree = "<group>"; };
		1F0000000000000000000208 /* Exporter.swift */ = {isa = PBXFileReference; lastKnownFileType = sourcecode.swift; path = Sources/GPXVideoTracker/Exporter.swift; sourceTree = "<group>"; };
		1F0000000000000000000209 /* Info.plist */ = {isa = PBXFileReference; lastKnownFileType = text.plist.xml; path = Sources/GPXVideoTracker/Info.plist; sourceTree = "<group>"; };
		1F0000000000000000000210 /* GPXVideoTracker.app */ = {isa = PBXFileReference; explicitFileType = wrapper.application; path = GPXVideoTracker.app; sourceTree = BUILT_PRODUCTS_DIR; };
		1F0000000000000000000300 /* AppKit.framework */ = {isa = PBXFileReference; lastKnownFileType = wrapper.framework; name = AppKit.framework; path = System/Library/Frameworks/AppKit.framework; sourceTree = SDKROOT; };
		1F0000000000000000000301 /* AVKit.framework */ = {isa = PBXFileReference; lastKnownFileType = wrapper.framework; name = AVKit.framework; path = System/Library/Frameworks/AVKit.framework; sourceTree = SDKROOT; };
		1F0000000000000000000302 /* AVFoundation.framework */ = {isa = PBXFileReference; lastKnownFileType = wrapper.framework; name = AVFoundation.framework; path = System/Library/Frameworks/AVFoundation.framework; sourceTree = SDKROOT; };
		1F0000000000000000000303 /* QuartzCore.framework */ = {isa = PBXFileReference; lastKnownFileType = wrapper.framework; name = QuartzCore.framework; path = System/Library/Frameworks/QuartzCore.framework; sourceTree = SDKROOT; };
		1F0000000000000000000304 /* SwiftUI.framework */ = {isa = PBXFileReference; lastKnownFileType = wrapper.framework; name = SwiftUI.framework; path = System/Library/Frameworks/SwiftUI.framework; sourceTree = SDKROOT; };
/* End PBXFileReference section */

/* Begin PBXFrameworksBuildPhase section */
		1F0000000000000000000400 /* Frameworks */ = {
			isa = PBXFrameworksBuildPhase;
			buildActionMask = 2147483647;
			files = (
				1F0000000000000000000113 /* SwiftUI.framework in Frameworks */,
				1F0000000000000000000112 /* QuartzCore.framework in Frameworks */,
				1F0000000000000000000111 /* AVFoundation.framework in Frameworks */,
				1F0000000000000000000110 /* AVKit.framework in Frameworks */,
				1F0000000000000000000109 /* AppKit.framework in Frameworks */,
			);
			runOnlyForDeploymentPostprocessing = 0;
		};
/* End PBXFrameworksBuildPhase section */

/* Begin PBXGroup section */
		1F0000000000000000000002 = {
			isa = PBXGroup;
			children = (
				1F0000000000000000000500 /* Sources */,
				1F0000000000000000000501 /* Frameworks */,
				1F0000000000000000000004 /* Products */,
			);
			sourceTree = "<group>";
		};
		1F0000000000000000000004 /* Products */ = {
			isa = PBXGroup;
			children = (
				1F0000000000000000000210 /* GPXVideoTracker.app */,
			);
			name = Products;
			sourceTree = "<group>";
		};
		1F0000000000000000000500 /* Sources */ = {
			isa = PBXGroup;
			children = (
				1F0000000000000000000200 /* GPXVideoTrackerApp.swift */,
				1F0000000000000000000201 /* ContentView.swift */,
				1F0000000000000000000202 /* AppModel.swift */,
				1F0000000000000000000203 /* GPXParser.swift */,
				1F0000000000000000000204 /* AVPlayerViewRepresentable.swift */,
				1F0000000000000000000205 /* TelemetryOverlay.swift */,
				1F0000000000000000000206 /* MinimapOverlay.swift */,
				1F0000000000000000000207 /* TrackMiniMap.swift */,
				1F0000000000000000000208 /* Exporter.swift */,
				1F0000000000000000000209 /* Info.plist */,
			);
			path = .;
			sourceTree = "<group>";
		};
		1F0000000000000000000501 /* Frameworks */ = {
			isa = PBXGroup;
			children = (
				1F0000000000000000000304 /* SwiftUI.framework */,
				1F0000000000000000000300 /* AppKit.framework */,
				1F0000000000000000000301 /* AVKit.framework */,
				1F0000000000000000000302 /* AVFoundation.framework */,
				1F0000000000000000000303 /* QuartzCore.framework */,
			);
			name = Frameworks;
			sourceTree = "<group>";
		};
/* End PBXGroup section */

/* Begin PBXNativeTarget section */
		1F0000000000000000000003 /* GPXVideoTracker */ = {
			isa = PBXNativeTarget;
			buildConfigurationList = 1F0000000000000000000008 /* Build configuration list for PBXNativeTarget "GPXVideoTracker" */;
			buildPhases = (
				1F0000000000000000000402 /* Sources */,
				1F0000000000000000000400 /* Frameworks */,
				1F0000000000000000000401 /* Resources */,
			);
			buildRules = (
			);
			dependencies = (
			);
			name = GPXVideoTracker;
			productName = GPXVideoTracker;
			productReference = 1F0000000000000000000210 /* GPXVideoTracker.app */;
			productType = "com.apple.product-type.application";
		};
/* End PBXNativeTarget section */

/* Begin PBXProject section */
		1F0000000000000000000001 /* Project object */ = {
			isa = PBXProject;
			attributes = {
				LastUpgradeCheck = 1500;
				TargetAttributes = {
					1F0000000000000000000003 = {
						CreatedOnToolsVersion = 15.0;
					};
				};
			};
			buildConfigurationList = 1F0000000000000000000009 /* Build configuration list for PBXProject "GPXVideoTracker" */;
			compatibilityVersion = "Xcode 14.0";
			developmentRegion = en;
			hasScannedForEncodings = 0;
			knownRegions = (
				en,
			);
			mainGroup = 1F0000000000000000000002;
			productRefGroup = 1F0000000000000000000004 /* Products */;
			projectDirPath = "";
			projectRoot = "";
			targets = (
				1F0000000000000000000003 /* GPXVideoTracker */,
			);
		};
/* End PBXProject section */

/* Begin PBXResourcesBuildPhase section */
		1F0000000000000000000401 /* Resources */ = {
			isa = PBXResourcesBuildPhase;
			buildActionMask = 2147483647;
			files = (
			);
			runOnlyForDeploymentPostprocessing = 0;
		};
/* End PBXResourcesBuildPhase section */

/* Begin PBXSourcesBuildPhase section */
		1F0000000000000000000402 /* Sources */ = {
			isa = PBXSourcesBuildPhase;
			buildActionMask = 2147483647;
			files = (
				1F0000000000000000000100 /* GPXVideoTrackerApp.swift in Sources */,
				1F0000000000000000000101 /* ContentView.swift in Sources */,
				1F0000000000000000000102 /* AppModel.swift in Sources */,
				1F0000000000000000000103 /* GPXParser.swift in Sources */,
				1F0000000000000000000104 /* AVPlayerViewRepresentable.swift in Sources */,
				1F0000000000000000000105 /* TelemetryOverlay.swift in Sources */,
				1F0000000000000000000106 /* MinimapOverlay.swift in Sources */,
				1F0000000000000000000107 /* TrackMiniMap.swift in Sources */,
				1F0000000000000000000108 /* Exporter.swift in Sources */,
			);
			runOnlyForDeploymentPostprocessing = 0;
		};
/* End PBXSourcesBuildPhase section */

/* Begin XCBuildConfiguration section */
		1F000000000000000000000A /* Debug */ = {
			isa = XCBuildConfiguration;
			buildSettings = {
				CLANG_ENABLE_OBJC_ARC = YES;
				ENABLE_HARDENED_RUNTIME = YES;
				PRODUCT_NAME = GPXVideoTracker;
				SDKROOT = macosx;
				MACOSX_DEPLOYMENT_TARGET = 12.0;
				SWIFT_VERSION = 5.0;
			};
			name = Debug;
		};
		1F000000000000000000000B /* Release */ = {
			isa = XCBuildConfiguration;
			buildSettings = {
				CLANG_ENABLE_OBJC_ARC = YES;
				ENABLE_HARDENED_RUNTIME = YES;
				PRODUCT_NAME = GPXVideoTracker;
				SDKROOT = macosx;
				MACOSX_DEPLOYMENT_TARGET = 12.0;
				SWIFT_VERSION = 5.0;
			};
			name = Release;
		};
		1F0000000000000000000012 /* Debug */ = {
			isa = XCBuildConfiguration;
			buildSettings = {
				ASSETCATALOG_COMPILER_APPICON_NAME = AppIcon;
				CODE_SIGN_STYLE = Automatic;
				COMBINE_HIDPI_IMAGES = YES;
				CURRENT_PROJECT_VERSION = 1;
				DEVELOPMENT_TEAM = "";
				GENERATE_INFOPLIST_FILE = NO;
				INFOPLIST_FILE = Sources/GPXVideoTracker/Info.plist;
				LD_RUNPATH_SEARCH_PATHS = "@executable_path/../Frameworks";
				MACOSX_DEPLOYMENT_TARGET = 12.0;
				MARKETING_VERSION = 1.0;
				PRODUCT_BUNDLE_IDENTIFIER = com.example.GPXVideoTracker;
				PRODUCT_NAME = GPXVideoTracker;
				SWIFT_VERSION = 5.0;
				SWIFT_EMIT_LOC_STRINGS = YES;
				ENABLE_HARDENED_RUNTIME = YES;
			};
			name = Debug;
		};
		1F0000000000000000000013 /* Release */ = {
			isa = XCBuildConfiguration;
			buildSettings = {
				ASSETCATALOG_COMPILER_APPICON_NAME = AppIcon;
				CODE_SIGN_STYLE = Automatic;
				COMBINE_HIDPI_IMAGES = YES;
				CURRENT_PROJECT_VERSION = 1;
				DEVELOPMENT_TEAM = "";
				GENERATE_INFOPLIST_FILE = NO;
				INFOPLIST_FILE = Sources/GPXVideoTracker/Info.plist;
				LD_RUNPATH_SEARCH_PATHS = "@executable_path/../Frameworks";
				MACOSX_DEPLOYMENT_TARGET = 12.0;
				MARKETING_VERSION = 1.0;
				PRODUCT_BUNDLE_IDENTIFIER = com.example.GPXVideoTracker;
				PRODUCT_NAME = GPXVideoTracker;
				SWIFT_VERSION = 5.0;
				SWIFT_EMIT_LOC_STRINGS = YES;
				ENABLE_HARDENED_RUNTIME = YES;
			};
			name = Release;
		};
/* End XCBuildConfiguration section */

/* Begin XCConfigurationList section */
		1F0000000000000000000008 /* Build configuration list for PBXNativeTarget "GPXVideoTracker" */ = {
			isa = XCConfigurationList;
			buildConfigurations = (
				1F0000000000000000000012 /* Debug */,
				1F0000000000000000000013 /* Release */,
			);
			defaultConfigurationIsVisible = 0;
			defaultConfigurationName = Debug;
		};
		1F0000000000000000000009 /* Build configuration list for PBXProject "GPXVideoTracker" */ = {
			isa = XCConfigurationList;
			buildConfigurations = (
				1F000000000000000000000A /* Debug */,
				1F000000000000000000000B /* Release */,
			);
			defaultConfigurationIsVisible = 0;
			defaultConfigurationName = Debug;
		};
/* End XCConfigurationList section */

	};
	rootObject = 1F0000000000000000000001 /* Project object */;
}
